
Microsoft Visual Studio Solution File, Format Version 12.00
# Visual Studio Version 16
VisualStudioVersion = 16.0.31105.61
MinimumVisualStudioVersion = 10.0.40219.1
Project("{FAE04EC0-301F-11D3-BF4B-00C04F79EFBC}") = "BethanysPieShop", "BethanysPieShop\BethanysPieShop.csproj", "{8B998C72-22B8-4D26-9919-8C107CC09250}"
EndProject
Global
	GlobalSection(SolutionConfigurationPlatforms) = preSolution
		Debug|Any CPU = Debug|Any CPU
		Release|Any CPU = Release|Any CPU
	EndGlobalSection
	GlobalSection(ProjectConfigurationPlatforms) = postSolution
		{8B998C72-22B8-4D26-9919-8C107CC09250}.Debug|Any CPU.ActiveCfg = Debug|Any CPU
		{8B998C72-22B8-4D26-9919-8C107CC09250}.Debug|Any CPU.Build.0 = Debug|Any CPU
		{8B998C72-22B8-4D26-9919-8C107CC09250}.Release|Any CPU.ActiveCfg = Release|Any CPU
		{8B998C72-22B8-4D26-9919-8C107CC09250}.Release|Any CPU.Build.0 = Release|Any CPU
	EndGlobalSection
	GlobalSection(SolutionProperties) = preSolution
		HideSolutionNode = FALSE
	EndGlobalSection
	GlobalSection(ExtensibilityGlobals) = postSolution
		SolutionGuid = {60C51F40-693A-4860-B8FC-F12CD910144E}
	EndGlobalSection
EndGlobal
